
Microsoft Visual Studio Solution File, Format Version 12.00
# Visual Studio Version 17
VisualStudioVersion = 17.13.35825.156 d17.13
MinimumVisualStudioVersion = 10.0.40219.1
Project("{FAE04EC0-301F-11D3-BF4B-00C04F79EFBC}") = "WDAC_PS_Generator", "WDAC_PS_Generator\WDAC_PS_Generator.csproj", "{D1610FF3-4446-40F3-BB56-6CBA03642CDA}"
EndProject
Global
	GlobalSection(SolutionConfigurationPlatforms) = preSolution
		Debug|Any CPU = Debug|Any CPU
		Release|Any CPU = Release|Any CPU
	EndGlobalSection
	GlobalSection(ProjectConfigurationPlatforms) = postSolution
		{D1610FF3-4446-40F3-BB56-6CBA03642CDA}.Debug|Any CPU.ActiveCfg = Debug|Any CPU
		{D1610FF3-4446-40F3-BB56-6CBA03642CDA}.Debug|Any CPU.Build.0 = Debug|Any CPU
		{D1610FF3-4446-40F3-BB56-6CBA03642CDA}.Release|Any CPU.ActiveCfg = Release|Any CPU
		{D1610FF3-4446-40F3-BB56-6CBA03642CDA}.Release|Any CPU.Build.0 = Release|Any CPU
	EndGlobalSection
	GlobalSection(SolutionProperties) = preSolution
		HideSolutionNode = FALSE
	EndGlobalSection
	GlobalSection(ExtensibilityGlobals) = postSolution
		SolutionGuid = {6A9EB4D5-8E9D-44FD-8B54-4C82E022E614}
	EndGlobalSection
EndGlobal
